
Microsoft Visual Studio Solution File, Format Version 11.00
# Visual Studio 2010
Project("{FAE04EC0-301F-11D3-BF4B-00C04F79EFBC}") = "Assembly-CSharp", "Assembly-CSharp.csproj", "{914D7849-32CB-3A81-E88F-65651D82F89F}"
EndProject
Project("{FAE04EC0-301F-11D3-BF4B-00C04F79EFBC}") = "Assembly-CSharp-Editor", "Assembly-CSharp-Editor.csproj", "{256FB666-C47C-0C99-4B11-1A57BBA4B9B3}"
EndProject
Global
	GlobalSection(SolutionConfigurationPlatforms) = preSolution
		Debug|Any CPU = Debug|Any CPU
		Release|Any CPU = Release|Any CPU
	EndGlobalSection
	GlobalSection(ProjectConfigurationPlatforms) = postSolution
		{914D7849-32CB-3A81-E88F-65651D82F89F}.Debug|Any CPU.ActiveCfg = Debug|Any CPU
		{914D7849-32CB-3A81-E88F-65651D82F89F}.Debug|Any CPU.Build.0 = Debug|Any CPU
		{914D7849-32CB-3A81-E88F-65651D82F89F}.Release|Any CPU.ActiveCfg = Release|Any CPU
		{914D7849-32CB-3A81-E88F-65651D82F89F}.Release|Any CPU.Build.0 = Release|Any CPU
		{256FB666-C47C-0C99-4B11-1A57BBA4B9B3}.Debug|Any CPU.ActiveCfg = Debug|Any CPU
		{256FB666-C47C-0C99-4B11-1A57BBA4B9B3}.Debug|Any CPU.Build.0 = Debug|Any CPU
		{256FB666-C47C-0C99-4B11-1A57BBA4B9B3}.Release|Any CPU.ActiveCfg = Release|Any CPU
		{256FB666-C47C-0C99-4B11-1A57BBA4B9B3}.Release|Any CPU.Build.0 = Release|Any CPU
	EndGlobalSection
	GlobalSection(SolutionProperties) = preSolution
		HideSolutionNode = FALSE
	EndGlobalSection
	GlobalSection(MonoDevelopProperties) = preSolution
		StartupItem = Assembly-CSharp.csproj
	EndGlobalSection
EndGlobal
